
Microsoft Visual Studio Solution File, Format Version 12.00
Project("{FAE04EC0-301F-11D3-BF4B-00C04F79EFBC}") = "HuntingTheManticore", "HuntingTheManticore.csproj", "{3310350D-0E14-4323-B206-EDE796805230}"
EndProject
Global
	GlobalSection(SolutionConfigurationPlatforms) = preSolution
		Debug|Any CPU = Debug|Any CPU
		Release|Any CPU = Release|Any CPU
	EndGlobalSection
	GlobalSection(ProjectConfigurationPlatforms) = postSolution
		{3310350D-0E14-4323-B206-EDE796805230}.Debug|Any CPU.ActiveCfg = Debug|Any CPU
		{3310350D-0E14-4323-B206-EDE796805230}.Debug|Any CPU.Build.0 = Debug|Any CPU
		{3310350D-0E14-4323-B206-EDE796805230}.Release|Any CPU.ActiveCfg = Release|Any CPU
		{3310350D-0E14-4323-B206-EDE796805230}.Release|Any CPU.Build.0 = Release|Any CPU
	EndGlobalSection
EndGlobal
