
Microsoft Visual Studio Solution File, Format Version 12.00
Project("{FAE04EC0-301F-11D3-BF4B-00C04F79EFBC}") = "RepairingTheClocktower", "RepairingTheClocktower.csproj", "{5EF44037-93E9-49BA-941F-534A4B5DEB8E}"
EndProject
Global
	GlobalSection(SolutionConfigurationPlatforms) = preSolution
		Debug|Any CPU = Debug|Any CPU
		Release|Any CPU = Release|Any CPU
	EndGlobalSection
	GlobalSection(ProjectConfigurationPlatforms) = postSolution
		{5EF44037-93E9-49BA-941F-534A4B5DEB8E}.Debug|Any CPU.ActiveCfg = Debug|Any CPU
		{5EF44037-93E9-49BA-941F-534A4B5DEB8E}.Debug|Any CPU.Build.0 = Debug|Any CPU
		{5EF44037-93E9-49BA-941F-534A4B5DEB8E}.Release|Any CPU.ActiveCfg = Release|Any CPU
		{5EF44037-93E9-49BA-941F-534A4B5DEB8E}.Release|Any CPU.Build.0 = Release|Any CPU
	EndGlobalSection
EndGlobal
